
Microsoft Visual Studio Solution File, Format Version 12.00
# Visual Studio Version 16
VisualStudioVersion = 16.0.31005.135
MinimumVisualStudioVersion = 10.0.40219.1
Project("{FAE04EC0-301F-11D3-BF4B-00C04F79EFBC}") = "GenericCollectionTut", "GenericCollectionTut\GenericCollectionTut.csproj", "{E07EE852-C5E3-4F8B-B3C2-EB962D0A06B5}"
EndProject
Global
	GlobalSection(SolutionConfigurationPlatforms) = preSolution
		Debug|Any CPU = Debug|Any CPU
		Release|Any CPU = Release|Any CPU
	EndGlobalSection
	GlobalSection(ProjectConfigurationPlatforms) = postSolution
		{E07EE852-C5E3-4F8B-B3C2-EB962D0A06B5}.Debug|Any CPU.ActiveCfg = Debug|Any CPU
		{E07EE852-C5E3-4F8B-B3C2-EB962D0A06B5}.Debug|Any CPU.Build.0 = Debug|Any CPU
		{E07EE852-C5E3-4F8B-B3C2-EB962D0A06B5}.Release|Any CPU.ActiveCfg = Release|Any CPU
		{E07EE852-C5E3-4F8B-B3C2-EB962D0A06B5}.Release|Any CPU.Build.0 = Release|Any CPU
	EndGlobalSection
	GlobalSection(SolutionProperties) = preSolution
		HideSolutionNode = FALSE
	EndGlobalSection
	GlobalSection(ExtensibilityGlobals) = postSolution
		SolutionGuid = {A23A7929-1B50-43BF-AE04-F3A8C014BCA9}
	EndGlobalSection
EndGlobal
